
Microsoft Visual Studio Solution File, Format Version 12.00
# Visual Studio Version 16
VisualStudioVersion = 16.0.31702.278
MinimumVisualStudioVersion = 10.0.40219.1
Project("{FAE04EC0-301F-11D3-BF4B-00C04F79EFBC}") = "GunGun", "GunGun\GunGun.csproj", "{EF10851E-2B31-4F1B-BFA3-9A52957D9EE3}"
EndProject
Global
	GlobalSection(SolutionConfigurationPlatforms) = preSolution
		Debug|Any CPU = Debug|Any CPU
		Release|Any CPU = Release|Any CPU
	EndGlobalSection
	GlobalSection(ProjectConfigurationPlatforms) = postSolution
		{EF10851E-2B31-4F1B-BFA3-9A52957D9EE3}.Debug|Any CPU.ActiveCfg = Debug|Any CPU
		{EF10851E-2B31-4F1B-BFA3-9A52957D9EE3}.Debug|Any CPU.Build.0 = Debug|Any CPU
		{EF10851E-2B31-4F1B-BFA3-9A52957D9EE3}.Release|Any CPU.ActiveCfg = Release|Any CPU
		{EF10851E-2B31-4F1B-BFA3-9A52957D9EE3}.Release|Any CPU.Build.0 = Release|Any CPU
	EndGlobalSection
	GlobalSection(SolutionProperties) = preSolution
		HideSolutionNode = FALSE
	EndGlobalSection
	GlobalSection(ExtensibilityGlobals) = postSolution
		SolutionGuid = {DCBA13F6-8591-4345-8D66-52AF8552C2B6}
	EndGlobalSection
EndGlobal
